# This file is automatically @generated by Cargo.
# It is not intended for manual editing.
version = 4

[[package]]
name = "pith-cdc"
version = "0.1.0"
source = "git+https://github.com/pith-hash/pith-cdc.git?branch=main#40f589598ba47524a9273498328de38c4c53e52b"
dependencies = [
 "pith-digest",
]

[[package]]
name = "pith-digest"
version = "0.1.0"
source = "git+https://github.com/pith-hash/pith-digest.git?branch=main#263da7650c0b70296a7389beb727cba21ba1ebfd"

[[package]]
name = "pith-file"
version = "0.1.0"
dependencies = [
 "pith-cdc",
 "pith-digest",
 "pith-pdf",
]

[[package]]
name = "pith-inflate"
version = "0.1.0"
source = "git+https://github.com/pith-hash/pith-inflate.git?branch=main#53b35b336a763269c5d231b0f8acbe2b1959b613"
dependencies = [
 "pith-digest",
]

[[package]]
name = "pith-pdf"
version = "0.1.0"
source = "git+https://github.com/pith-hash/pith-pdf.git?branch=main#225b972ddf006dbd6af867f763212d62a96e3128"
dependencies = [
 "pith-digest",
 "pith-inflate",
]
